
Microsoft Visual Studio Solution File, Format Version 12.00
Project("{FAE04EC0-301F-11D3-BF4B-00C04F79EFBC}") = "WrapFusionContact", "WrapFusionContact\WrapFusionContact.csproj", "{B7085344-1BD8-428A-AAB5-530A7953CF07}"
EndProject
Global
	GlobalSection(SolutionConfigurationPlatforms) = preSolution
		Debug|Any CPU = Debug|Any CPU
		Release|Any CPU = Release|Any CPU
	EndGlobalSection
	GlobalSection(ProjectConfigurationPlatforms) = postSolution
		{B7085344-1BD8-428A-AAB5-530A7953CF07}.Debug|Any CPU.ActiveCfg = Debug|Any CPU
		{B7085344-1BD8-428A-AAB5-530A7953CF07}.Debug|Any CPU.Build.0 = Debug|Any CPU
		{B7085344-1BD8-428A-AAB5-530A7953CF07}.Release|Any CPU.ActiveCfg = Release|Any CPU
		{B7085344-1BD8-428A-AAB5-530A7953CF07}.Release|Any CPU.Build.0 = Release|Any CPU
	EndGlobalSection
EndGlobal
